// !$*UTF8*$!
{
	archiveVersion = 1;
	classes = {
	};
	objectVersion = 50;
	objects = {

/* Begin PBXBuildFile section */
		1F7952F72186AEDE00F5CC3E /* zzz.Sourcery.out.swift in Sources */ = {isa = PBXBuildFile; fileRef = 1F7952F62186AEDE00F5CC3E /* zzz.Sourcery.out.swift */; };
		1FFD71662195D605007BC977 /* AutoDebugDescription.swift in Sources */ = {isa = PBXBuildFile; fileRef = 1FFD71652195D605007BC977 /* AutoDebugDescription.swift */; };
		BE041192021C162B7A6F8616 /* libPods-ObjCSample.a in Frameworks */ = {isa = PBXBuildFile; fileRef = 7E0E46790CE1098AF2B1BD0F /* libPods-ObjCSample.a */; };
		F29884C321868F9D00681EC7 /* AppDelegate.m in Sources */ = {isa = PBXBuildFile; fileRef = F29884C221868F9D00681EC7 /* AppDelegate.m */; };
		F29884C621868F9D00681EC7 /* ViewController.m in Sources */ = {isa = PBXBuildFile; fileRef = F29884C521868F9D00681EC7 /* ViewController.m */; };
		F29884C921868F9D00681EC7 /* Main.storyboard in Resources */ = {isa = PBXBuildFile; fileRef = F29884C721868F9D00681EC7 /* Main.storyboard */; };
		F29884CB21868F9E00681EC7 /* Assets.xcassets in Resources */ = {isa = PBXBuildFile; fileRef = F29884CA21868F9E00681EC7 /* Assets.xcassets */; };
		F29884CE21868F9E00681EC7 /* LaunchScreen.storyboard in Resources */ = {isa = PBXBuildFile; fileRef = F29884CC21868F9E00681EC7 /* LaunchScreen.storyboard */; };
		F29884D121868F9E00681EC7 /* main.m in Sources */ = {isa = PBXBuildFile; fileRef = F29884D021868F9E00681EC7 /* main.m */; };
		F29884D82186900000681EC7 /* A.m in Sources */ = {isa = PBXBuildFile; fileRef = F29884D72186900000681EC7 /* A.m */; };
		F29884DC218698B200681EC7 /* Hello.swift in Sources */ = {isa = PBXBuildFile; fileRef = F29884DB218698B200681EC7 /* Hello.swift */; };
		F29884DE218698F900681EC7 /* DeallocTracker.m in Sources */ = {isa = PBXBuildFile; fileRef = F29884DD218698F900681EC7 /* DeallocTracker.m */; };
/* End PBXBuildFile section */

/* Begin PBXFileReference section */
		1F7952F62186AEDE00F5CC3E /* zzz.Sourcery.out.swift */ = {isa = PBXFileReference; fileEncoding = 4; lastKnownFileType = sourcecode.swift; path = zzz.Sourcery.out.swift; sourceTree = "<group>"; };
		1FFD71652195D605007BC977 /* AutoDebugDescription.swift */ = {isa = PBXFileReference; fileEncoding = 4; lastKnownFileType = sourcecode.swift; path = AutoDebugDescription.swift; sourceTree = "<group>"; };
		6E44EC7584E17096FA9051BA /* Pods-ObjCSample.release.xcconfig */ = {isa = PBXFileReference; includeInIndex = 1; lastKnownFileType = text.xcconfig; name = "Pods-ObjCSample.release.xcconfig"; path = "Pods/Target Support Files/Pods-ObjCSample/Pods-ObjCSample.release.xcconfig"; sourceTree = "<group>"; };
		7E0E46790CE1098AF2B1BD0F /* libPods-ObjCSample.a */ = {isa = PBXFileReference; explicitFileType = archive.ar; includeInIndex = 0; path = "libPods-ObjCSample.a"; sourceTree = BUILT_PRODUCTS_DIR; };
		A7D360F11620524163034D9C /* Pods-ObjCSample.debug.xcconfig */ = {isa = PBXFileReference; includeInIndex = 1; lastKnownFileType = text.xcconfig; name = "Pods-ObjCSample.debug.xcconfig"; path = "Pods/Target Support Files/Pods-ObjCSample/Pods-ObjCSample.debug.xcconfig"; sourceTree = "<group>"; };
		F29884BE21868F9D00681EC7 /* ObjCSample.app */ = {isa = PBXFileReference; explicitFileType = wrapper.application; includeInIndex = 0; path = ObjCSample.app; sourceTree = BUILT_PRODUCTS_DIR; };
		F29884C121868F9D00681EC7 /* AppDelegate.h */ = {isa = PBXFileReference; lastKnownFileType = sourcecode.c.h; path = AppDelegate.h; sourceTree = "<group>"; };
		F29884C221868F9D00681EC7 /* AppDelegate.m */ = {isa = PBXFileReference; lastKnownFileType = sourcecode.c.objc; path = AppDelegate.m; sourceTree = "<group>"; };
		F29884C421868F9D00681EC7 /* ViewController.h */ = {isa = PBXFileReference; lastKnownFileType = sourcecode.c.h; path = ViewController.h; sourceTree = "<group>"; };
		F29884C521868F9D00681EC7 /* ViewController.m */ = {isa = PBXFileReference; lastKnownFileType = sourcecode.c.objc; path = ViewController.m; sourceTree = "<group>"; };
		F29884C821868F9D00681EC7 /* Base */ = {isa = PBXFileReference; lastKnownFileType = file.storyboard; name = Base; path = Base.lproj/Main.storyboard; sourceTree = "<group>"; };
		F29884CA21868F9E00681EC7 /* Assets.xcassets */ = {isa = PBXFileReference; lastKnownFileType = folder.assetcatalog; path = Assets.xcassets; sourceTree = "<group>"; };
		F29884CD21868F9E00681EC7 /* Base */ = {isa = PBXFileReference; lastKnownFileType = file.storyboard; name = Base; path = Base.lproj/LaunchScreen.storyboard; sourceTree = "<group>"; };
		F29884CF21868F9E00681EC7 /* Info.plist */ = {isa = PBXFileReference; lastKnownFileType = text.plist.xml; path = Info.plist; sourceTree = "<group>"; };
		F29884D021868F9E00681EC7 /* main.m */ = {isa = PBXFileReference; lastKnownFileType = sourcecode.c.objc; path = main.m; sourceTree = "<group>"; };
		F29884D72186900000681EC7 /* A.m */ = {isa = PBXFileReference; lastKnownFileType = sourcecode.c.objc; path = A.m; sourceTree = "<group>"; };
		F29884D92186901200681EC7 /* A.h */ = {isa = PBXFileReference; lastKnownFileType = sourcecode.c.h; path = A.h; sourceTree = "<group>"; };
		F29884DA218698B100681EC7 /* ObjCSample-Bridging-Header.h */ = {isa = PBXFileReference; lastKnownFileType = sourcecode.c.h; path = "ObjCSample-Bridging-Header.h"; sourceTree = "<group>"; };
		F29884DB218698B200681EC7 /* Hello.swift */ = {isa = PBXFileReference; lastKnownFileType = sourcecode.swift; path = Hello.swift; sourceTree = "<group>"; };
		F29884DD218698F900681EC7 /* DeallocTracker.m */ = {isa = PBXFileReference; fileEncoding = 4; lastKnownFileType = sourcecode.c.objc; path = DeallocTracker.m; sourceTree = "<group>"; };
		F29884DF2186990700681EC7 /* DeallocTracker.h */ = {isa = PBXFileReference; fileEncoding = 4; lastKnownFileType = sourcecode.c.h; path = DeallocTracker.h; sourceTree = "<group>"; };
/* End PBXFileReference section */

/* Begin PBXFrameworksBuildPhase section */
		F29884BB21868F9D00681EC7 /* Frameworks */ = {
			isa = PBXFrameworksBuildPhase;
			buildActionMask = 2147483647;
			files = (
				BE041192021C162B7A6F8616 /* libPods-ObjCSample.a in Frameworks */,
			);
			runOnlyForDeploymentPostprocessing = 0;
		};
/* End PBXFrameworksBuildPhase section */

/* Begin PBXGroup section */
		9428126099A3B23A3B9F340E /* Pods */ = {
			isa = PBXGroup;
			children = (
				A7D360F11620524163034D9C /* Pods-ObjCSample.debug.xcconfig */,
				6E44EC7584E17096FA9051BA /* Pods-ObjCSample.release.xcconfig */,
			);
			name = Pods;
			sourceTree = "<group>";
		};
		99CA09B12446FDA0B567C30C /* Frameworks */ = {
			isa = PBXGroup;
			children = (
				7E0E46790CE1098AF2B1BD0F /* libPods-ObjCSample.a */,
			);
			name = Frameworks;
			sourceTree = "<group>";
		};
		F29884B521868F9D00681EC7 = {
			isa = PBXGroup;
			children = (
				F29884C021868F9D00681EC7 /* ObjCSample */,
				F29884BF21868F9D00681EC7 /* Products */,
				9428126099A3B23A3B9F340E /* Pods */,
				99CA09B12446FDA0B567C30C /* Frameworks */,
			);
			sourceTree = "<group>";
		};
		F29884BF21868F9D00681EC7 /* Products */ = {
			isa = PBXGroup;
			children = (
				F29884BE21868F9D00681EC7 /* ObjCSample.app */,
			);
			name = Products;
			sourceTree = "<group>";
		};
		F29884C021868F9D00681EC7 /* ObjCSample */ = {
			isa = PBXGroup;
			children = (
				1FFD71652195D605007BC977 /* AutoDebugDescription.swift */,
				1F7952F62186AEDE00F5CC3E /* zzz.Sourcery.out.swift */,
				F29884DF2186990700681EC7 /* DeallocTracker.h */,
				F29884DD218698F900681EC7 /* DeallocTracker.m */,
				F29884C121868F9D00681EC7 /* AppDelegate.h */,
				F29884C221868F9D00681EC7 /* AppDelegate.m */,
				F29884C421868F9D00681EC7 /* ViewController.h */,
				F29884C521868F9D00681EC7 /* ViewController.m */,
				F29884D72186900000681EC7 /* A.m */,
				F29884D92186901200681EC7 /* A.h */,
				F29884C721868F9D00681EC7 /* Main.storyboard */,
				F29884CA21868F9E00681EC7 /* Assets.xcassets */,
				F29884CC21868F9E00681EC7 /* LaunchScreen.storyboard */,
				F29884CF21868F9E00681EC7 /* Info.plist */,
				F29884D021868F9E00681EC7 /* main.m */,
				F29884DB218698B200681EC7 /* Hello.swift */,
				F29884DA218698B100681EC7 /* ObjCSample-Bridging-Header.h */,
			);
			path = ObjCSample;
			sourceTree = "<group>";
		};
/* End PBXGroup section */

/* Begin PBXNativeTarget section */
		F29884BD21868F9D00681EC7 /* ObjCSample */ = {
			isa = PBXNativeTarget;
			buildConfigurationList = F29884D421868F9E00681EC7 /* Build configuration list for PBXNativeTarget "ObjCSample" */;
			buildPhases = (
				444D55D385D5805A2692EC44 /* [CP] Check Pods Manifest.lock */,
				F29884BA21868F9D00681EC7 /* Sources */,
				F29884BB21868F9D00681EC7 /* Frameworks */,
				F29884BC21868F9D00681EC7 /* Resources */,
				F96C8EF897103317A0BC75B5 /* [CP] Embed Pods Frameworks */,
			);
			buildRules = (
			);
			dependencies = (
			);
			name = ObjCSample;
			productName = ObjCSample;
			productReference = F29884BE21868F9D00681EC7 /* ObjCSample.app */;
			productType = "com.apple.product-type.application";
		};
/* End PBXNativeTarget section */

/* Begin PBXProject section */
		F29884B621868F9D00681EC7 /* Project object */ = {
			isa = PBXProject;
			attributes = {
				LastUpgradeCheck = 1000;
				ORGANIZATIONNAME = "Toshihiro Suzuki";
				TargetAttributes = {
					F29884BD21868F9D00681EC7 = {
						CreatedOnToolsVersion = 10.0;
						LastSwiftMigration = 1000;
					};
				};
			};
			buildConfigurationList = F29884B921868F9D00681EC7 /* Build configuration list for PBXProject "ObjCSample" */;
			compatibilityVersion = "Xcode 9.3";
			developmentRegion = en;
			hasScannedForEncodings = 0;
			knownRegions = (
				en,
				Base,
			);
			mainGroup = F29884B521868F9D00681EC7;
			productRefGroup = F29884BF21868F9D00681EC7 /* Products */;
			projectDirPath = "";
			projectRoot = "";
			targets = (
				F29884BD21868F9D00681EC7 /* ObjCSample */,
			);
		};
/* End PBXProject section */

/* Begin PBXResourcesBuildPhase section */
		F29884BC21868F9D00681EC7 /* Resources */ = {
			isa = PBXResourcesBuildPhase;
			buildActionMask = 2147483647;
			files = (
				F29884CE21868F9E00681EC7 /* LaunchScreen.storyboard in Resources */,
				F29884CB21868F9E00681EC7 /* Assets.xcassets in Resources */,
				F29884C921868F9D00681EC7 /* Main.storyboard in Resources */,
			);
			runOnlyForDeploymentPostprocessing = 0;
		};
/* End PBXResourcesBuildPhase section */

/* Begin PBXShellScriptBuildPhase section */
		444D55D385D5805A2692EC44 /* [CP] Check Pods Manifest.lock */ = {
			isa = PBXShellScriptBuildPhase;
			buildActionMask = 2147483647;
			files = (
			);
			inputPaths = (
				"${PODS_PODFILE_DIR_PATH}/Podfile.lock",
				"${PODS_ROOT}/Manifest.lock",
			);
			name = "[CP] Check Pods Manifest.lock";
			outputPaths = (
				"$(DERIVED_FILE_DIR)/Pods-ObjCSample-checkManifestLockResult.txt",
			);
			runOnlyForDeploymentPostprocessing = 0;
			shellPath = /bin/sh;
			shellScript = "diff \"${PODS_PODFILE_DIR_PATH}/Podfile.lock\" \"${PODS_ROOT}/Manifest.lock\" > /dev/null\nif [ $? != 0 ] ; then\n    # print error to STDERR\n    echo \"error: The sandbox is not in sync with the Podfile.lock. Run 'pod install' or update your CocoaPods installation.\" >&2\n    exit 1\nfi\n# This output is used by Xcode 'outputs' to avoid re-running this script phase.\necho \"SUCCESS\" > \"${SCRIPT_OUTPUT_FILE_0}\"\n";
			showEnvVarsInLog = 0;
		};
		F96C8EF897103317A0BC75B5 /* [CP] Embed Pods Frameworks */ = {
			isa = PBXShellScriptBuildPhase;
			buildActionMask = 2147483647;
			files = (
			);
			inputPaths = (
				"${SRCROOT}/Pods/Target Support Files/Pods-ObjCSample/Pods-ObjCSample-frameworks.sh",
				"${PODS_ROOT}/GoogleAds-IMA-iOS-SDK/GoogleInteractiveMediaAds.framework",
			);
			name = "[CP] Embed Pods Frameworks";
			outputPaths = (
				"${TARGET_BUILD_DIR}/${FRAMEWORKS_FOLDER_PATH}/GoogleInteractiveMediaAds.framework",
			);
			runOnlyForDeploymentPostprocessing = 0;
			shellPath = /bin/sh;
			shellScript = "\"${SRCROOT}/Pods/Target Support Files/Pods-ObjCSample/Pods-ObjCSample-frameworks.sh\"\n";
			showEnvVarsInLog = 0;
		};
/* End PBXShellScriptBuildPhase section */

/* Begin PBXSourcesBuildPhase section */
		F29884BA21868F9D00681EC7 /* Sources */ = {
			isa = PBXSourcesBuildPhase;
			buildActionMask = 2147483647;
			files = (
				F29884C621868F9D00681EC7 /* ViewController.m in Sources */,
				1FFD71662195D605007BC977 /* AutoDebugDescription.swift in Sources */,
				F29884D121868F9E00681EC7 /* main.m in Sources */,
				1F7952F72186AEDE00F5CC3E /* zzz.Sourcery.out.swift in Sources */,
				F29884C321868F9D00681EC7 /* AppDelegate.m in Sources */,
				F29884DC218698B200681EC7 /* Hello.swift in Sources */,
				F29884D82186900000681EC7 /* A.m in Sources */,
				F29884DE218698F900681EC7 /* DeallocTracker.m in Sources */,
			);
			runOnlyForDeploymentPostprocessing = 0;
		};
/* End PBXSourcesBuildPhase section */

/* Begin PBXVariantGroup section */
		F29884C721868F9D00681EC7 /* Main.storyboard */ = {
			isa = PBXVariantGroup;
			children = (
				F29884C821868F9D00681EC7 /* Base */,
			);
			name = Main.storyboard;
			sourceTree = "<group>";
		};
		F29884CC21868F9E00681EC7 /* LaunchScreen.storyboard */ = {
			isa = PBXVariantGroup;
			children = (
				F29884CD21868F9E00681EC7 /* Base */,
			);
			name = LaunchScreen.storyboard;
			sourceTree = "<group>";
		};
/* End PBXVariantGroup section */

/* Begin XCBuildConfiguration section */
		F29884D221868F9E00681EC7 /* Debug */ = {
			isa = XCBuildConfiguration;
			buildSettings = {
				ALWAYS_SEARCH_USER_PATHS = NO;
				CLANG_ANALYZER_NONNULL = YES;
				CLANG_ANALYZER_NUMBER_OBJECT_CONVERSION = YES_AGGRESSIVE;
				CLANG_CXX_LANGUAGE_STANDARD = "gnu++14";
				CLANG_CXX_LIBRARY = "libc++";
				CLANG_ENABLE_MODULES = YES;
				CLANG_ENABLE_OBJC_ARC = YES;
				CLANG_ENABLE_OBJC_WEAK = YES;
				CLANG_WARN_BLOCK_CAPTURE_AUTORELEASING = YES;
				CLANG_WARN_BOOL_CONVERSION = YES;
				CLANG_WARN_COMMA = YES;
				CLANG_WARN_CONSTANT_CONVERSION = YES;
				CLANG_WARN_DEPRECATED_OBJC_IMPLEMENTATIONS = YES;
				CLANG_WARN_DIRECT_OBJC_ISA_USAGE = YES_ERROR;
				CLANG_WARN_DOCUMENTATION_COMMENTS = YES;
				CLANG_WARN_EMPTY_BODY = YES;
				CLANG_WARN_ENUM_CONVERSION = YES;
				CLANG_WARN_INFINITE_RECURSION = YES;
				CLANG_WARN_INT_CONVERSION = YES;
				CLANG_WARN_NON_LITERAL_NULL_CONVERSION = YES;
				CLANG_WARN_OBJC_IMPLICIT_RETAIN_SELF = YES;
				CLANG_WARN_OBJC_LITERAL_CONVERSION = YES;
				CLANG_WARN_OBJC_ROOT_CLASS = YES_ERROR;
				CLANG_WARN_RANGE_LOOP_ANALYSIS = YES;
				CLANG_WARN_STRICT_PROTOTYPES = YES;
				CLANG_WARN_SUSPICIOUS_MOVE = YES;
				CLANG_WARN_UNGUARDED_AVAILABILITY = YES_AGGRESSIVE;
				CLANG_WARN_UNREACHABLE_CODE = YES;
				CLANG_WARN__DUPLICATE_METHOD_MATCH = YES;
				CODE_SIGN_IDENTITY = "iPhone Developer";
				COPY_PHASE_STRIP = NO;
				DEBUG_INFORMATION_FORMAT = dwarf;
				ENABLE_STRICT_OBJC_MSGSEND = YES;
				ENABLE_TESTABILITY = YES;
				GCC_C_LANGUAGE_STANDARD = gnu11;
				GCC_DYNAMIC_NO_PIC = NO;
				GCC_NO_COMMON_BLOCKS = YES;
				GCC_OPTIMIZATION_LEVEL = 0;
				GCC_PREPROCESSOR_DEFINITIONS = (
					"DEBUG=1",
					"$(inherited)",
				);
				GCC_WARN_64_TO_32_BIT_CONVERSION = YES;
				GCC_WARN_ABOUT_RETURN_TYPE = YES_ERROR;
				GCC_WARN_UNDECLARED_SELECTOR = YES;
				GCC_WARN_UNINITIALIZED_AUTOS = YES_AGGRESSIVE;
				GCC_WARN_UNUSED_FUNCTION = YES;
				GCC_WARN_UNUSED_VARIABLE = YES;
				IPHONEOS_DEPLOYMENT_TARGET = 12.0;
				MTL_ENABLE_DEBUG_INFO = INCLUDE_SOURCE;
				MTL_FAST_MATH = YES;
				ONLY_ACTIVE_ARCH = YES;
				SDKROOT = iphoneos;
			};
			name = Debug;
		};
		F29884D321868F9E00681EC7 /* Release */ = {
			isa = XCBuildConfiguration;
			buildSettings = {
				ALWAYS_SEARCH_USER_PATHS = NO;
				CLANG_ANALYZER_NONNULL = YES;
				CLANG_ANALYZER_NUMBER_OBJECT_CONVERSION = YES_AGGRESSIVE;
				CLANG_CXX_LANGUAGE_STANDARD = "gnu++14";
				CLANG_CXX_LIBRARY = "libc++";
				CLANG_ENABLE_MODULES = YES;
				CLANG_ENABLE_OBJC_ARC = YES;
				CLANG_ENABLE_OBJC_WEAK = YES;
				CLANG_WARN_BLOCK_CAPTURE_AUTORELEASING = YES;
				CLANG_WARN_BOOL_CONVERSION = YES;
				CLANG_WARN_COMMA = YES;
				CLANG_WARN_CONSTANT_CONVERSION = YES;
				CLANG_WARN_DEPRECATED_OBJC_IMPLEMENTATIONS = YES;
				CLANG_WARN_DIRECT_OBJC_ISA_USAGE = YES_ERROR;
				CLANG_WARN_DOCUMENTATION_COMMENTS = YES;
				CLANG_WARN_EMPTY_BODY = YES;
				CLANG_WARN_ENUM_CONVERSION = YES;
				CLANG_WARN_INFINITE_RECURSION = YES;
				CLANG_WARN_INT_CONVERSION = YES;
				CLANG_WARN_NON_LITERAL_NULL_CONVERSION = YES;
				CLANG_WARN_OBJC_IMPLICIT_RETAIN_SELF = YES;
				CLANG_WARN_OBJC_LITERAL_CONVERSION = YES;
				CLANG_WARN_OBJC_ROOT_CLASS = YES_ERROR;
				CLANG_WARN_RANGE_LOOP_ANALYSIS = YES;
				CLANG_WARN_STRICT_PROTOTYPES = YES;
				CLANG_WARN_SUSPICIOUS_MOVE = YES;
				CLANG_WARN_UNGUARDED_AVAILABILITY = YES_AGGRESSIVE;
				CLANG_WARN_UNREACHABLE_CODE = YES;
				CLANG_WARN__DUPLICATE_METHOD_MATCH = YES;
				CODE_SIGN_IDENTITY = "iPhone Developer";
				COPY_PHASE_STRIP = NO;
				DEBUG_INFORMATION_FORMAT = "dwarf-with-dsym";
				ENABLE_NS_ASSERTIONS = NO;
				ENABLE_STRICT_OBJC_MSGSEND = YES;
				GCC_C_LANGUAGE_STANDARD = gnu11;
				GCC_NO_COMMON_BLOCKS = YES;
				GCC_WARN_64_TO_32_BIT_CONVERSION = YES;
				GCC_WARN_ABOUT_RETURN_TYPE = YES_ERROR;
				GCC_WARN_UNDECLARED_SELECTOR = YES;
				GCC_WARN_UNINITIALIZED_AUTOS = YES_AGGRESSIVE;
				GCC_WARN_UNUSED_FUNCTION = YES;
				GCC_WARN_UNUSED_VARIABLE = YES;
				IPHONEOS_DEPLOYMENT_TARGET = 12.0;
				MTL_ENABLE_DEBUG_INFO = NO;
				MTL_FAST_MATH = YES;
				SDKROOT = iphoneos;
				VALIDATE_PRODUCT = YES;
			};
			name = Release;
		};
		F29884D521868F9E00681EC7 /* Debug */ = {
			isa = XCBuildConfiguration;
			baseConfigurationReference = A7D360F11620524163034D9C /* Pods-ObjCSample.debug.xcconfig */;
			buildSettings = {
				ASSETCATALOG_COMPILER_APPICON_NAME = AppIcon;
				CLANG_ENABLE_MODULES = YES;
				CODE_SIGN_STYLE = Automatic;
				INFOPLIST_FILE = ObjCSample/Info.plist;
				LD_RUNPATH_SEARCH_PATHS = (
					"$(inherited)",
					"@executable_path/Frameworks",
				);
				PRODUCT_BUNDLE_IDENTIFIER = jp.toshi0383.ObjCSample;
				PRODUCT_NAME = "$(TARGET_NAME)";
				SWIFT_OBJC_BRIDGING_HEADER = "ObjCSample/ObjCSample-Bridging-Header.h";
				SWIFT_OPTIMIZATION_LEVEL = "-Onone";
				SWIFT_VERSION = 4.2;
				TARGETED_DEVICE_FAMILY = "1,2";
			};
			name = Debug;
		};
		F29884D621868F9E00681EC7 /* Release */ = {
			isa = XCBuildConfiguration;
			baseConfigurationReference = 6E44EC7584E17096FA9051BA /* Pods-ObjCSample.release.xcconfig */;
			buildSettings = {
				ASSETCATALOG_COMPILER_APPICON_NAME = AppIcon;
				CLANG_ENABLE_MODULES = YES;
				CODE_SIGN_STYLE = Automatic;
				INFOPLIST_FILE = ObjCSample/Info.plist;
				LD_RUNPATH_SEARCH_PATHS = (
					"$(inherited)",
					"@executable_path/Frameworks",
				);
				PRODUCT_BUNDLE_IDENTIFIER = jp.toshi0383.ObjCSample;
				PRODUCT_NAME = "$(TARGET_NAME)";
				SWIFT_OBJC_BRIDGING_HEADER = "ObjCSample/ObjCSample-Bridging-Header.h";
				SWIFT_VERSION = 4.2;
				TARGETED_DEVICE_FAMILY = "1,2";
			};
			name = Release;
		};
/* End XCBuildConfiguration section */

/* Begin XCConfigurationList section */
		F29884B921868F9D00681EC7 /* Build configuration list for PBXProject "ObjCSample" */ = {
			isa = XCConfigurationList;
			buildConfigurations = (
				F29884D221868F9E00681EC7 /* Debug */,
				F29884D321868F9E00681EC7 /* Release */,
			);
			defaultConfigurationIsVisible = 0;
			defaultConfigurationName = Release;
		};
		F29884D421868F9E00681EC7 /* Build configuration list for PBXNativeTarget "ObjCSample" */ = {
			isa = XCConfigurationList;
			buildConfigurations = (
				F29884D521868F9E00681EC7 /* Debug */,
				F29884D621868F9E00681EC7 /* Release */,
			);
			defaultConfigurationIsVisible = 0;
			defaultConfigurationName = Release;
		};
/* End XCConfigurationList section */
	};
	rootObject = F29884B621868F9D00681EC7 /* Project object */;
}
